
Microsoft Visual Studio Solution File, Format Version 12.00
# Visual Studio Version 16
VisualStudioVersion = 16.0.34031.81
MinimumVisualStudioVersion = 10.0.40219.1
Project("{FAE04EC0-301F-11D3-BF4B-00C04F79EFBC}") = "Array_Analysis", "Array_Analysis.csproj", "{0E5C6B6C-D944-4105-BFE4-C77DC10B1227}"
EndProject
Global
	GlobalSection(SolutionConfigurationPlatforms) = preSolution
		Debug|Any CPU = Debug|Any CPU
		Release|Any CPU = Release|Any CPU
	EndGlobalSection
	GlobalSection(ProjectConfigurationPlatforms) = postSolution
		{0E5C6B6C-D944-4105-BFE4-C77DC10B1227}.Debug|Any CPU.ActiveCfg = Debug|Any CPU
		{0E5C6B6C-D944-4105-BFE4-C77DC10B1227}.Debug|Any CPU.Build.0 = Debug|Any CPU
		{0E5C6B6C-D944-4105-BFE4-C77DC10B1227}.Release|Any CPU.ActiveCfg = Release|Any CPU
		{0E5C6B6C-D944-4105-BFE4-C77DC10B1227}.Release|Any CPU.Build.0 = Release|Any CPU
	EndGlobalSection
	GlobalSection(SolutionProperties) = preSolution
		HideSolutionNode = FALSE
	EndGlobalSection
	GlobalSection(ExtensibilityGlobals) = postSolution
		SolutionGuid = {85CCF7F8-0C1A-4804-B4AE-DDB30C98C275}
	EndGlobalSection
EndGlobal
